
Microsoft Visual Studio Solution File, Format Version 12.00
# Visual Studio Version 17
VisualStudioVersion = 17.14.36408.4 d17.14
MinimumVisualStudioVersion = 10.0.40219.1
Project("{FAE04EC0-301F-11D3-BF4B-00C04F79EFBC}") = "TP1_ComB_Grupo4", "TP1_ComB_Grupo4\TP1_ComB_Grupo4.csproj", "{27CF6D55-862B-4759-9E33-0EAE386F5CE1}"
EndProject
Global
	GlobalSection(SolutionConfigurationPlatforms) = preSolution
		Debug|Any CPU = Debug|Any CPU
		Release|Any CPU = Release|Any CPU
	EndGlobalSection
	GlobalSection(ProjectConfigurationPlatforms) = postSolution
		{27CF6D55-862B-4759-9E33-0EAE386F5CE1}.Debug|Any CPU.ActiveCfg = Debug|Any CPU
		{27CF6D55-862B-4759-9E33-0EAE386F5CE1}.Debug|Any CPU.Build.0 = Debug|Any CPU
		{27CF6D55-862B-4759-9E33-0EAE386F5CE1}.Release|Any CPU.ActiveCfg = Release|Any CPU
		{27CF6D55-862B-4759-9E33-0EAE386F5CE1}.Release|Any CPU.Build.0 = Release|Any CPU
	EndGlobalSection
	GlobalSection(SolutionProperties) = preSolution
		HideSolutionNode = FALSE
	EndGlobalSection
	GlobalSection(ExtensibilityGlobals) = postSolution
		SolutionGuid = {8C0C435B-D2A8-4036-8886-E7BF6FDB49C6}
	EndGlobalSection
EndGlobal
